// !$*UTF8*$!
{
	archiveVersion = 1;
	classes = {
	};
	objectVersion = 50;
	objects = {

/* Begin PBXBuildFile section */
		0432DE2822310DFB005EFA45 /* PhotoCell.swift in Sources */ = {isa = PBXBuildFile; fileRef = 0432DE2722310DFB005EFA45 /* PhotoCell.swift */; };
		0432DE2A2232668B005EFA45 /* PhotosCollectionViewController.swift in Sources */ = {isa = PBXBuildFile; fileRef = 0432DE292232668B005EFA45 /* PhotosCollectionViewController.swift */; };
		04FAEC66222FD7A800AE569E /* AppDelegate.swift in Sources */ = {isa = PBXBuildFile; fileRef = 04FAEC65222FD7A800AE569E /* AppDelegate.swift */; };
		04FAEC6B222FD7A800AE569E /* Main.storyboard in Resources */ = {isa = PBXBuildFile; fileRef = 04FAEC69222FD7A800AE569E /* Main.storyboard */; };
		04FAEC6D222FD7AB00AE569E /* Assets.xcassets in Resources */ = {isa = PBXBuildFile; fileRef = 04FAEC6C222FD7AB00AE569E /* Assets.xcassets */; };
		04FAEC70222FD7AB00AE569E /* LaunchScreen.storyboard in Resources */ = {isa = PBXBuildFile; fileRef = 04FAEC6E222FD7AB00AE569E /* LaunchScreen.storyboard */; };
		04FAEC78222FD8FD00AE569E /* Photo.swift in Sources */ = {isa = PBXBuildFile; fileRef = 04FAEC77222FD8FD00AE569E /* Photo.swift */; };
/* End PBXBuildFile section */

/* Begin PBXFileReference section */
		0432DE2722310DFB005EFA45 /* PhotoCell.swift */ = {isa = PBXFileReference; lastKnownFileType = sourcecode.swift; path = PhotoCell.swift; sourceTree = "<group>"; };
		0432DE292232668B005EFA45 /* PhotosCollectionViewController.swift */ = {isa = PBXFileReference; lastKnownFileType = sourcecode.swift; path = PhotosCollectionViewController.swift; sourceTree = "<group>"; };
		04FAEC62222FD7A800AE569E /* CollectionView.app */ = {isa = PBXFileReference; explicitFileType = wrapper.application; includeInIndex = 0; path = CollectionView.app; sourceTree = BUILT_PRODUCTS_DIR; };
		04FAEC65222FD7A800AE569E /* AppDelegate.swift */ = {isa = PBXFileReference; lastKnownFileType = sourcecode.swift; path = AppDelegate.swift; sourceTree = "<group>"; };
		04FAEC6A222FD7A800AE569E /* Base */ = {isa = PBXFileReference; lastKnownFileType = file.storyboard; name = Base; path = Base.lproj/Main.storyboard; sourceTree = "<group>"; };
		04FAEC6C222FD7AB00AE569E /* Assets.xcassets */ = {isa = PBXFileReference; lastKnownFileType = folder.assetcatalog; path = Assets.xcassets; sourceTree = "<group>"; };
		04FAEC6F222FD7AB00AE569E /* Base */ = {isa = PBXFileReference; lastKnownFileType = file.storyboard; name = Base; path = Base.lproj/LaunchScreen.storyboard; sourceTree = "<group>"; };
		04FAEC71222FD7AB00AE569E /* Info.plist */ = {isa = PBXFileReference; lastKnownFileType = text.plist.xml; path = Info.plist; sourceTree = "<group>"; };
		04FAEC77222FD8FD00AE569E /* Photo.swift */ = {isa = PBXFileReference; lastKnownFileType = sourcecode.swift; path = Photo.swift; sourceTree = "<group>"; };
/* End PBXFileReference section */

/* Begin PBXFrameworksBuildPhase section */
		04FAEC5F222FD7A800AE569E /* Frameworks */ = {
			isa = PBXFrameworksBuildPhase;
			buildActionMask = 2147483647;
			files = (
			);
			runOnlyForDeploymentPostprocessing = 0;
		};
/* End PBXFrameworksBuildPhase section */

/* Begin PBXGroup section */
		04FAEC59222FD7A800AE569E = {
			isa = PBXGroup;
			children = (
				04FAEC64222FD7A800AE569E /* CollectionView */,
				04FAEC63222FD7A800AE569E /* Products */,
			);
			sourceTree = "<group>";
		};
		04FAEC63222FD7A800AE569E /* Products */ = {
			isa = PBXGroup;
			children = (
				04FAEC62222FD7A800AE569E /* CollectionView.app */,
			);
			name = Products;
			sourceTree = "<group>";
		};
		04FAEC64222FD7A800AE569E /* CollectionView */ = {
			isa = PBXGroup;
			children = (
				04FAEC7C223106EE00AE569E /* Controller */,
				04FAEC7B223106E400AE569E /* Views */,
				04FAEC7A223106D100AE569E /* Model */,
				04FAEC79223106B100AE569E /* supporting files */,
				04FAEC6C222FD7AB00AE569E /* Assets.xcassets */,
			);
			path = CollectionView;
			sourceTree = "<group>";
		};
		04FAEC79223106B100AE569E /* supporting files */ = {
			isa = PBXGroup;
			children = (
				04FAEC65222FD7A800AE569E /* AppDelegate.swift */,
				04FAEC6E222FD7AB00AE569E /* LaunchScreen.storyboard */,
				04FAEC71222FD7AB00AE569E /* Info.plist */,
			);
			path = "supporting files";
			sourceTree = "<group>";
		};
		04FAEC7A223106D100AE569E /* Model */ = {
			isa = PBXGroup;
			children = (
				04FAEC77222FD8FD00AE569E /* Photo.swift */,
			);
			path = Model;
			sourceTree = "<group>";
		};
		04FAEC7B223106E400AE569E /* Views */ = {
			isa = PBXGroup;
			children = (
				04FAEC69222FD7A800AE569E /* Main.storyboard */,
				0432DE2722310DFB005EFA45 /* PhotoCell.swift */,
			);
			path = Views;
			sourceTree = "<group>";
		};
		04FAEC7C223106EE00AE569E /* Controller */ = {
			isa = PBXGroup;
			children = (
				0432DE292232668B005EFA45 /* PhotosCollectionViewController.swift */,
			);
			path = Controller;
			sourceTree = "<group>";
		};
/* End PBXGroup section */

/* Begin PBXNativeTarget section */
		04FAEC61222FD7A800AE569E /* CollectionView */ = {
			isa = PBXNativeTarget;
			buildConfigurationList = 04FAEC74222FD7AB00AE569E /* Build configuration list for PBXNativeTarget "CollectionView" */;
			buildPhases = (
				04FAEC5E222FD7A800AE569E /* Sources */,
				04FAEC5F222FD7A800AE569E /* Frameworks */,
				04FAEC60222FD7A800AE569E /* Resources */,
			);
			buildRules = (
			);
			dependencies = (
			);
			name = CollectionView;
			productName = CollectionView;
			productReference = 04FAEC62222FD7A800AE569E /* CollectionView.app */;
			productType = "com.apple.product-type.application";
		};
/* End PBXNativeTarget section */

/* Begin PBXProject section */
		04FAEC5A222FD7A800AE569E /* Project object */ = {
			isa = PBXProject;
			attributes = {
				LastSwiftUpdateCheck = 1010;
				LastUpgradeCheck = 1010;
				ORGANIZATIONNAME = TechnoSales;
				TargetAttributes = {
					04FAEC61222FD7A800AE569E = {
						CreatedOnToolsVersion = 10.1;
					};
				};
			};
			buildConfigurationList = 04FAEC5D222FD7A800AE569E /* Build configuration list for PBXProject "CollectionView" */;
			compatibilityVersion = "Xcode 9.3";
			developmentRegion = en;
			hasScannedForEncodings = 0;
			knownRegions = (
				en,
				Base,
			);
			mainGroup = 04FAEC59222FD7A800AE569E;
			productRefGroup = 04FAEC63222FD7A800AE569E /* Products */;
			projectDirPath = "";
			projectRoot = "";
			targets = (
				04FAEC61222FD7A800AE569E /* CollectionView */,
			);
		};
/* End PBXProject section */

/* Begin PBXResourcesBuildPhase section */
		04FAEC60222FD7A800AE569E /* Resources */ = {
			isa = PBXResourcesBuildPhase;
			buildActionMask = 2147483647;
			files = (
				04FAEC70222FD7AB00AE569E /* LaunchScreen.storyboard in Resources */,
				04FAEC6D222FD7AB00AE569E /* Assets.xcassets in Resources */,
				04FAEC6B222FD7A800AE569E /* Main.storyboard in Resources */,
			);
			runOnlyForDeploymentPostprocessing = 0;
		};
/* End PBXResourcesBuildPhase section */

/* Begin PBXSourcesBuildPhase section */
		04FAEC5E222FD7A800AE569E /* Sources */ = {
			isa = PBXSourcesBuildPhase;
			buildActionMask = 2147483647;
			files = (
				04FAEC78222FD8FD00AE569E /* Photo.swift in Sources */,
				0432DE2822310DFB005EFA45 /* PhotoCell.swift in Sources */,
				04FAEC66222FD7A800AE569E /* AppDelegate.swift in Sources */,
				0432DE2A2232668B005EFA45 /* PhotosCollectionViewController.swift in Sources */,
			);
			runOnlyForDeploymentPostprocessing = 0;
		};
/* End PBXSourcesBuildPhase section */

/* Begin PBXVariantGroup section */
		04FAEC69222FD7A800AE569E /* Main.storyboard */ = {
			isa = PBXVariantGroup;
			children = (
				04FAEC6A222FD7A800AE569E /* Base */,
			);
			name = Main.storyboard;
			sourceTree = "<group>";
		};
		04FAEC6E222FD7AB00AE569E /* LaunchScreen.storyboard */ = {
			isa = PBXVariantGroup;
			children = (
				04FAEC6F222FD7AB00AE569E /* Base */,
			);
			name = LaunchScreen.storyboard;
			sourceTree = "<group>";
		};
/* End PBXVariantGroup section */

/* Begin XCBuildConfiguration section */
		04FAEC72222FD7AB00AE569E /* Debug */ = {
			isa = XCBuildConfiguration;
			buildSettings = {
				ALWAYS_SEARCH_USER_PATHS = NO;
				CLANG_ANALYZER_NONNULL = YES;
				CLANG_ANALYZER_NUMBER_OBJECT_CONVERSION = YES_AGGRESSIVE;
				CLANG_CXX_LANGUAGE_STANDARD = "gnu++14";
				CLANG_CXX_LIBRARY = "libc++";
				CLANG_ENABLE_MODULES = YES;
				CLANG_ENABLE_OBJC_ARC = YES;
				CLANG_ENABLE_OBJC_WEAK = YES;
				CLANG_WARN_BLOCK_CAPTURE_AUTORELEASING = YES;
				CLANG_WARN_BOOL_CONVERSION = YES;
				CLANG_WARN_COMMA = YES;
				CLANG_WARN_CONSTANT_CONVERSION = YES;
				CLANG_WARN_DEPRECATED_OBJC_IMPLEMENTATIONS = YES;
				CLANG_WARN_DIRECT_OBJC_ISA_USAGE = YES_ERROR;
				CLANG_WARN_DOCUMENTATION_COMMENTS = YES;
				CLANG_WARN_EMPTY_BODY = YES;
				CLANG_WARN_ENUM_CONVERSION = YES;
				CLANG_WARN_INFINITE_RECURSION = YES;
				CLANG_WARN_INT_CONVERSION = YES;
				CLANG_WARN_NON_LITERAL_NULL_CONVERSION = YES;
				CLANG_WARN_OBJC_IMPLICIT_RETAIN_SELF = YES;
				CLANG_WARN_OBJC_LITERAL_CONVERSION = YES;
				CLANG_WARN_OBJC_ROOT_CLASS = YES_ERROR;
				CLANG_WARN_RANGE_LOOP_ANALYSIS = YES;
				CLANG_WARN_STRICT_PROTOTYPES = YES;
				CLANG_WARN_SUSPICIOUS_MOVE = YES;
				CLANG_WARN_UNGUARDED_AVAILABILITY = YES_AGGRESSIVE;
				CLANG_WARN_UNREACHABLE_CODE = YES;
				CLANG_WARN__DUPLICATE_METHOD_MATCH = YES;
				CODE_SIGN_IDENTITY = "iPhone Developer";
				COPY_PHASE_STRIP = NO;
				DEBUG_INFORMATION_FORMAT = dwarf;
				ENABLE_STRICT_OBJC_MSGSEND = YES;
				ENABLE_TESTABILITY = YES;
				GCC_C_LANGUAGE_STANDARD = gnu11;
				GCC_DYNAMIC_NO_PIC = NO;
				GCC_NO_COMMON_BLOCKS = YES;
				GCC_OPTIMIZATION_LEVEL = 0;
				GCC_PREPROCESSOR_DEFINITIONS = (
					"DEBUG=1",
					"$(inherited)",
				);
				GCC_WARN_64_TO_32_BIT_CONVERSION = YES;
				GCC_WARN_ABOUT_RETURN_TYPE = YES_ERROR;
				GCC_WARN_UNDECLARED_SELECTOR = YES;
				GCC_WARN_UNINITIALIZED_AUTOS = YES_AGGRESSIVE;
				GCC_WARN_UNUSED_FUNCTION = YES;
				GCC_WARN_UNUSED_VARIABLE = YES;
				IPHONEOS_DEPLOYMENT_TARGET = 12.1;
				MTL_ENABLE_DEBUG_INFO = INCLUDE_SOURCE;
				MTL_FAST_MATH = YES;
				ONLY_ACTIVE_ARCH = YES;
				SDKROOT = iphoneos;
				SWIFT_ACTIVE_COMPILATION_CONDITIONS = DEBUG;
				SWIFT_OPTIMIZATION_LEVEL = "-Onone";
			};
			name = Debug;
		};
		04FAEC73222FD7AB00AE569E /* Release */ = {
			isa = XCBuildConfiguration;
			buildSettings = {
				ALWAYS_SEARCH_USER_PATHS = NO;
				CLANG_ANALYZER_NONNULL = YES;
				CLANG_ANALYZER_NUMBER_OBJECT_CONVERSION = YES_AGGRESSIVE;
				CLANG_CXX_LANGUAGE_STANDARD = "gnu++14";
				CLANG_CXX_LIBRARY = "libc++";
				CLANG_ENABLE_MODULES = YES;
				CLANG_ENABLE_OBJC_ARC = YES;
				CLANG_ENABLE_OBJC_WEAK = YES;
				CLANG_WARN_BLOCK_CAPTURE_AUTORELEASING = YES;
				CLANG_WARN_BOOL_CONVERSION = YES;
				CLANG_WARN_COMMA = YES;
				CLANG_WARN_CONSTANT_CONVERSION = YES;
				CLANG_WARN_DEPRECATED_OBJC_IMPLEMENTATIONS = YES;
				CLANG_WARN_DIRECT_OBJC_ISA_USAGE = YES_ERROR;
				CLANG_WARN_DOCUMENTATION_COMMENTS = YES;
				CLANG_WARN_EMPTY_BODY = YES;
				CLANG_WARN_ENUM_CONVERSION = YES;
				CLANG_WARN_INFINITE_RECURSION = YES;
				CLANG_WARN_INT_CONVERSION = YES;
				CLANG_WARN_NON_LITERAL_NULL_CONVERSION = YES;
				CLANG_WARN_OBJC_IMPLICIT_RETAIN_SELF = YES;
				CLANG_WARN_OBJC_LITERAL_CONVERSION = YES;
				CLANG_WARN_OBJC_ROOT_CLASS = YES_ERROR;
				CLANG_WARN_RANGE_LOOP_ANALYSIS = YES;
				CLANG_WARN_STRICT_PROTOTYPES = YES;
				CLANG_WARN_SUSPICIOUS_MOVE = YES;
				CLANG_WARN_UNGUARDED_AVAILABILITY = YES_AGGRESSIVE;
				CLANG_WARN_UNREACHABLE_CODE = YES;
				CLANG_WARN__DUPLICATE_METHOD_MATCH = YES;
				CODE_SIGN_IDENTITY = "iPhone Developer";
				COPY_PHASE_STRIP = NO;
				DEBUG_INFORMATION_FORMAT = "dwarf-with-dsym";
				ENABLE_NS_ASSERTIONS = NO;
				ENABLE_STRICT_OBJC_MSGSEND = YES;
				GCC_C_LANGUAGE_STANDARD = gnu11;
				GCC_NO_COMMON_BLOCKS = YES;
				GCC_WARN_64_TO_32_BIT_CONVERSION = YES;
				GCC_WARN_ABOUT_RETURN_TYPE = YES_ERROR;
				GCC_WARN_UNDECLARED_SELECTOR = YES;
				GCC_WARN_UNINITIALIZED_AUTOS = YES_AGGRESSIVE;
				GCC_WARN_UNUSED_FUNCTION = YES;
				GCC_WARN_UNUSED_VARIABLE = YES;
				IPHONEOS_DEPLOYMENT_TARGET = 12.1;
				MTL_ENABLE_DEBUG_INFO = NO;
				MTL_FAST_MATH = YES;
				SDKROOT = iphoneos;
				SWIFT_COMPILATION_MODE = wholemodule;
				SWIFT_OPTIMIZATION_LEVEL = "-O";
				VALIDATE_PRODUCT = YES;
			};
			name = Release;
		};
		04FAEC75222FD7AB00AE569E /* Debug */ = {
			isa = XCBuildConfiguration;
			buildSettings = {
				ASSETCATALOG_COMPILER_APPICON_NAME = AppIcon;
				CODE_SIGN_STYLE = Automatic;
				INFOPLIST_FILE = "$(SRCROOT)/CollectionView/supporting files/Info.plist";
				LD_RUNPATH_SEARCH_PATHS = (
					"$(inherited)",
					"@executable_path/Frameworks",
				);
				PRODUCT_BUNDLE_IDENTIFIER = com.mousham.CollectionView;
				PRODUCT_NAME = "$(TARGET_NAME)";
				SWIFT_VERSION = 4.2;
				TARGETED_DEVICE_FAMILY = "1,2";
			};
			name = Debug;
		};
		04FAEC76222FD7AB00AE569E /* Release */ = {
			isa = XCBuildConfiguration;
			buildSettings = {
				ASSETCATALOG_COMPILER_APPICON_NAME = AppIcon;
				CODE_SIGN_STYLE = Automatic;
				INFOPLIST_FILE = "$(SRCROOT)/CollectionView/supporting files/Info.plist";
				LD_RUNPATH_SEARCH_PATHS = (
					"$(inherited)",
					"@executable_path/Frameworks",
				);
				PRODUCT_BUNDLE_IDENTIFIER = com.mousham.CollectionView;
				PRODUCT_NAME = "$(TARGET_NAME)";
				SWIFT_VERSION = 4.2;
				TARGETED_DEVICE_FAMILY = "1,2";
			};
			name = Release;
		};
/* End XCBuildConfiguration section */

/* Begin XCConfigurationList section */
		04FAEC5D222FD7A800AE569E /* Build configuration list for PBXProject "CollectionView" */ = {
			isa = XCConfigurationList;
			buildConfigurations = (
				04FAEC72222FD7AB00AE569E /* Debug */,
				04FAEC73222FD7AB00AE569E /* Release */,
			);
			defaultConfigurationIsVisible = 0;
			defaultConfigurationName = Release;
		};
		04FAEC74222FD7AB00AE569E /* Build configuration list for PBXNativeTarget "CollectionView" */ = {
			isa = XCConfigurationList;
			buildConfigurations = (
				04FAEC75222FD7AB00AE569E /* Debug */,
				04FAEC76222FD7AB00AE569E /* Release */,
			);
			defaultConfigurationIsVisible = 0;
			defaultConfigurationName = Release;
		};
/* End XCConfigurationList section */
	};
	rootObject = 04FAEC5A222FD7A800AE569E /* Project object */;
}
